Microsoft Visual Studio Solution File, Format Version 12.00
# Visual Studio Version 17
VisualStudioVersion = 17.13.35828.75
MinimumVisualStudioVersion = 10.0.40219.1
Project("{FAE04EC0-301F-11D3-BF4B-00C04F79EFBC}") = "PayrollSystem", "PayrollSystem\PayrollSystem.csproj", "{42E5EF04-DF1A-411F-BA54-A9667FB909F5}"
EndProject
Global
	GlobalSection(SolutionConfigurationPlatforms) = preSolution
		Debug|Any CPU = Debug|Any CPU
		Release|Any CPU = Release|Any CPU
	EndGlobalSection
	GlobalSection(ProjectConfigurationPlatforms) = postSolution
		{42E5EF04-DF1A-411F-BA54-A9667FB909F5}.Debug|Any CPU.ActiveCfg = Debug|Any CPU
		{42E5EF04-DF1A-411F-BA54-A9667FB909F5}.Debug|Any CPU.Build.0 = Debug|Any CPU
		{42E5EF04-DF1A-411F-BA54-A9667FB909F5}.Release|Any CPU.ActiveCfg = Release|Any CPU
		{42E5EF04-DF1A-411F-BA54-A9667FB909F5}.Release|Any CPU.Build.0 = Release|Any CPU
	EndGlobalSection
	GlobalSection(SolutionProperties) = preSolution
		HideSolutionNode = FALSE
	EndGlobalSection
	GlobalSection(ExtensibilityGlobals) = postSolution
		SolutionGuid = {AF9B352A-B695-44EB-85F6-F61AC16A084A}
	EndGlobalSection
EndGlobal
